{
  "nodes": {
    "nixpkgs": {
      "locked": {
        "lastModified": 1737376395,
        "narHash": "sha256-gqJM6ELmoy7IOULIDx5GkdWvUnHlNyRmgJqPZOzM/7Y=",
        "owner": "NixOS",
        "repo": "nixpkgs",
        "rev": "f5b5e4d69cb858b79bfbc300980b13b4218d5b01",
        "type": "github"
      },
      "original": {
        "owner": "NixOS",
        "repo": "nixpkgs",
        "type": "github"
      }
    },
    "root": {
      "inputs": {
        "nixpkgs": "nixpkgs"
      }
    }
  },
  "root": "root",
  "version": 7
}
