{
  "nodes": {
    "nixpkgs": {
      "locked": {
        "lastModified": 1715676189,
        "narHash": "sha256-ZQP+LtWbvf+rq09oKU5TkVJ0U7raUesRCn5nPh3h0Ng=",
        "owner": "NixOS",
        "repo": "nixpkgs",
        "rev": "2b6ad513c196adc8d7ed353f0c38430ad1cc88b1",
        "type": "github"
      },
      "original": {
        "owner": "NixOS",
        "repo": "nixpkgs",
        "type": "github"
      }
    },
    "root": {
      "inputs": {
        "nixpkgs": "nixpkgs"
      }
    }
  },
  "root": "root",
  "version": 7
}
