{
  "nodes": {
    "nixpkgs": {
      "locked": {
        "lastModified": 1712235118,
        "narHash": "sha256-h0Lsxhjcj1KJvsk6w8whaq7SLaRPPctnNMXa7nuCmGA=",
        "owner": "NixOS",
        "repo": "nixpkgs",
        "rev": "03a8f494df333933801dfe9d07412d602ecded24",
        "type": "github"
      },
      "original": {
        "owner": "NixOS",
        "repo": "nixpkgs",
        "type": "github"
      }
    },
    "root": {
      "inputs": {
        "nixpkgs": "nixpkgs"
      }
    }
  },
  "root": "root",
  "version": 7
}
